{
  "name": "pebble-streetcomplete",
  "version": "1.0.0",
  "lockfileVersion": 3,
  "requires": true,
  "packages": {
    "": {
      "name": "pebble-streetcomplete",
      "version": "1.0.0",
      "dependencies": {
        "@rebble/clay": "^1.0.8"
      },
      "devDependencies": {
        "@blazediff/core-native": "^4.2.0",
        "prettier": "^3.8.1"
      }
    },
    "node_modules/@blazediff/core-native": {
      "version": "4.2.0",
      "dev": true,
      "license": "MIT",
      "optionalDependencies": {
        "@blazediff/core-native-darwin-arm64": "4.2.0",
        "@blazediff/core-native-darwin-x64": "4.2.0",
        "@blazediff/core-native-linux-arm64": "4.2.0",
        "@blazediff/core-native-linux-x64": "4.2.0",
        "@blazediff/core-native-win32-arm64": "4.2.0",
        "@blazediff/core-native-win32-x64": "4.2.0"
      }
    },
    "node_modules/@blazediff/core-native-darwin-arm64": {
      "version": "4.2.0",
      "cpu": [
        "arm64"
      ],
      "dev": true,
      "license": "MIT",
      "optional": true,
      "os": [
        "darwin"
      ],
      "bin": {
        "blazediff": "blazediff"
      }
    },
    "node_modules/@blazediff/core-native-darwin-x64": {
      "version": "4.2.0",
      "resolved": "https://registry.npmjs.org/@blazediff/core-native-darwin-x64/-/core-native-darwin-x64-4.2.0.tgz",
      "integrity": "sha512-f+IG1F0ECGOAc3/hpXfNs/O00pbCdhnPIhtq/7k75mVo8NRV7Da/Tif1vvAtsGCU4iY2RdEPOolt0XoXyCHgsg==",
      "cpu": [
        "x64"
      ],
      "dev": true,
      "license": "MIT",
      "optional": true,
      "os": [
        "darwin"
      ],
      "bin": {
        "blazediff": "blazediff"
      }
    },
    "node_modules/@blazediff/core-native-linux-arm64": {
      "version": "4.2.0",
      "resolved": "https://registry.npmjs.org/@blazediff/core-native-linux-arm64/-/core-native-linux-arm64-4.2.0.tgz",
      "integrity": "sha512-5ianKM591Ry9VYjKUCQxSixzE5Jiybw7GtjjprItTpdwhZIA2QiphYwBfSMDrOv1EP5US9Ln8B/ebPMRBJpfkA==",
      "cpu": [
        "arm64"
      ],
      "dev": true,
      "license": "MIT",
      "optional": true,
      "os": [
        "linux"
      ],
      "bin": {
        "blazediff": "blazediff"
      }
    },
    "node_modules/@blazediff/core-native-linux-x64": {
      "version": "4.2.0",
      "resolved": "https://registry.npmjs.org/@blazediff/core-native-linux-x64/-/core-native-linux-x64-4.2.0.tgz",
      "integrity": "sha512-E2r1h4aX2s6RzS3gIgmMHnBlHj95pjv3TxmjwXq6SE8e/DKWgg+4kWw0vfFBgyLxJQQYU2QloreKu7aGOhjE8g==",
      "cpu": [
        "x64"
      ],
      "dev": true,
      "license": "MIT",
      "optional": true,
      "os": [
        "linux"
      ],
      "bin": {
        "blazediff": "blazediff"
      }
    },
    "node_modules/@blazediff/core-native-win32-arm64": {
      "version": "4.2.0",
      "resolved": "https://registry.npmjs.org/@blazediff/core-native-win32-arm64/-/core-native-win32-arm64-4.2.0.tgz",
      "integrity": "sha512-AHgtH4D0QDlPb7ACDh7EXTqLFFWMQAEcKVD1hT0FuUl/88pWfTN9iE3ghwyVsnER3WFPv87ZzMnz188JFUxqtA==",
      "cpu": [
        "arm64"
      ],
      "dev": true,
      "license": "MIT",
      "optional": true,
      "os": [
        "win32"
      ],
      "bin": {
        "blazediff": "blazediff.exe"
      }
    },
    "node_modules/@blazediff/core-native-win32-x64": {
      "version": "4.2.0",
      "resolved": "https://registry.npmjs.org/@blazediff/core-native-win32-x64/-/core-native-win32-x64-4.2.0.tgz",
      "integrity": "sha512-1s2XWIppBllQibCYvxWLeZqzm377M04NhfgArFI6vIhBYmx7N/YKzb6qr80bvjkRMac5NXgU3fYjFlHKF49JZg==",
      "cpu": [
        "x64"
      ],
      "dev": true,
      "license": "MIT",
      "optional": true,
      "os": [
        "win32"
      ],
      "bin": {
        "blazediff": "blazediff.exe"
      }
    },
    "node_modules/@rebble/clay": {
      "version": "1.0.8",
      "license": "MIT"
    },
    "node_modules/prettier": {
      "version": "3.8.1",
      "dev": true,
      "license": "MIT",
      "bin": {
        "prettier": "bin/prettier.cjs"
      },
      "engines": {
        "node": ">=14"
      },
      "funding": {
        "url": "https://github.com/prettier/prettier?sponsor=1"
      }
    }
  }
}
